
<<<<<<< HEAD
Microsoft Visual Studio Solution File, Format Version 12.00
# Visual Studio 2017
Project("{FAE04EC0-301F-11D3-BF4B-00C04F79EFBC}") = "Game-Jam-2018", "Game-Jam-2018.csproj", "{55C9B23D-5E79-41DC-967D-460E90CC06B6}"
=======
Microsoft Visual Studio Solution File, Format Version 11.00
# Visual Studio 2010
Project("{FAE04EC0-301F-11D3-BF4B-00C04F79EFBC}") = "Game-Jam-2018", "Assembly-CSharp.csproj", "{AA32F7C8-F8CD-8D9F-6D41-0267B1851F1C}"
>>>>>>> 46c32b4b05ba50f7ef51b5b43db257c22eddbb50
EndProject
Global
	GlobalSection(SolutionConfigurationPlatforms) = preSolution
		Debug|Any CPU = Debug|Any CPU
		Release|Any CPU = Release|Any CPU
	EndGlobalSection
	GlobalSection(ProjectConfigurationPlatforms) = postSolution
<<<<<<< HEAD
		{55C9B23D-5E79-41DC-967D-460E90CC06B6}.Debug|Any CPU.ActiveCfg = Debug|Any CPU
		{55C9B23D-5E79-41DC-967D-460E90CC06B6}.Debug|Any CPU.Build.0 = Debug|Any CPU
		{55C9B23D-5E79-41DC-967D-460E90CC06B6}.Release|Any CPU.ActiveCfg = Release|Any CPU
		{55C9B23D-5E79-41DC-967D-460E90CC06B6}.Release|Any CPU.Build.0 = Release|Any CPU
=======
		{AA32F7C8-F8CD-8D9F-6D41-0267B1851F1C}.Debug|Any CPU.ActiveCfg = Debug|Any CPU
		{AA32F7C8-F8CD-8D9F-6D41-0267B1851F1C}.Debug|Any CPU.Build.0 = Debug|Any CPU
		{AA32F7C8-F8CD-8D9F-6D41-0267B1851F1C}.Release|Any CPU.ActiveCfg = Release|Any CPU
		{AA32F7C8-F8CD-8D9F-6D41-0267B1851F1C}.Release|Any CPU.Build.0 = Release|Any CPU
>>>>>>> 46c32b4b05ba50f7ef51b5b43db257c22eddbb50
	EndGlobalSection
	GlobalSection(SolutionProperties) = preSolution
		HideSolutionNode = FALSE
	EndGlobalSection
	GlobalSection(MonoDevelopProperties) = preSolution
		StartupItem = Assembly-CSharp.csproj
	EndGlobalSection
EndGlobal
