
Microsoft Visual Studio Solution File, Format Version 12.00
# Visual Studio 2017
Project("{FAE04EC0-301F-11D3-BF4B-00C04F79EFBC}") = "Game-Jam-2018", "Game-Jam-2018.csproj", "{55C9B23D-5E79-41DC-967D-460E90CC06B6}"
EndProject
Global
	GlobalSection(SolutionConfigurationPlatforms) = preSolution
		Debug|Any CPU = Debug|Any CPU
		Release|Any CPU = Release|Any CPU
	EndGlobalSection
	GlobalSection(ProjectConfigurationPlatforms) = postSolution
		{55C9B23D-5E79-41DC-967D-460E90CC06B6}.Debug|Any CPU.ActiveCfg = Debug|Any CPU
		{55C9B23D-5E79-41DC-967D-460E90CC06B6}.Debug|Any CPU.Build.0 = Debug|Any CPU
		{55C9B23D-5E79-41DC-967D-460E90CC06B6}.Release|Any CPU.ActiveCfg = Release|Any CPU
		{55C9B23D-5E79-41DC-967D-460E90CC06B6}.Release|Any CPU.Build.0 = Release|Any CPU
	EndGlobalSection
	GlobalSection(SolutionProperties) = preSolution
		HideSolutionNode = FALSE
	EndGlobalSection
EndGlobal
